
Microsoft Visual Studio Solution File, Format Version 12.00
# Visual Studio Version 16
VisualStudioVersion = 16.0.31702.278
MinimumVisualStudioVersion = 10.0.40219.1
Project("{FAE04EC0-301F-11D3-BF4B-00C04F79EFBC}") = "Taskclass", "Taskclass\Taskclass.csproj", "{3B1B9A0E-E3B6-4F55-A440-C1AE406D10C9}"
EndProject
Global
	GlobalSection(SolutionConfigurationPlatforms) = preSolution
		Debug|Any CPU = Debug|Any CPU
		Release|Any CPU = Release|Any CPU
	EndGlobalSection
	GlobalSection(ProjectConfigurationPlatforms) = postSolution
		{3B1B9A0E-E3B6-4F55-A440-C1AE406D10C9}.Debug|Any CPU.ActiveCfg = Debug|Any CPU
		{3B1B9A0E-E3B6-4F55-A440-C1AE406D10C9}.Debug|Any CPU.Build.0 = Debug|Any CPU
		{3B1B9A0E-E3B6-4F55-A440-C1AE406D10C9}.Release|Any CPU.ActiveCfg = Release|Any CPU
		{3B1B9A0E-E3B6-4F55-A440-C1AE406D10C9}.Release|Any CPU.Build.0 = Release|Any CPU
	EndGlobalSection
	GlobalSection(SolutionProperties) = preSolution
		HideSolutionNode = FALSE
	EndGlobalSection
	GlobalSection(ExtensibilityGlobals) = postSolution
		SolutionGuid = {EA553A1F-93B7-4DA7-8FA6-57E5E5B0EE72}
	EndGlobalSection
EndGlobal
